// !$*UTF8*$!
{
	archiveVersion = 1;
	classes = {
	};
	objectVersion = 56;
	objects = {

/* Begin PBXBuildFile section */
		8FB4EA5B2BAA2223003CC0AD /* IsItOpenApp.swift in Sources */ = {isa = PBXBuildFile; fileRef = 8FB4EA5A2BAA2223003CC0AD /* IsItOpenApp.swift */; };
		8FB4EA5D2BAA2223003CC0AD /* ContentView.swift in Sources */ = {isa = PBXBuildFile; fileRef = 8FB4EA5C2BAA2223003CC0AD /* ContentView.swift */; };
		8FB4EA5F2BAA2226003CC0AD /* Assets.xcassets in Resources */ = {isa = PBXBuildFile; fileRef = 8FB4EA5E2BAA2226003CC0AD /* Assets.xcassets */; };
		8FB4EA622BAA2226003CC0AD /* Preview Assets.xcassets in Resources */ = {isa = PBXBuildFile; fileRef = 8FB4EA612BAA2226003CC0AD /* Preview Assets.xcassets */; };
		8FB4EA6C2BAA2227003CC0AD /* IsItOpenTests.swift in Sources */ = {isa = PBXBuildFile; fileRef = 8FB4EA6B2BAA2227003CC0AD /* IsItOpenTests.swift */; };
		8FB4EA762BAA2227003CC0AD /* IsItOpenUITests.swift in Sources */ = {isa = PBXBuildFile; fileRef = 8FB4EA752BAA2227003CC0AD /* IsItOpenUITests.swift */; };
		8FB4EA782BAA2227003CC0AD /* IsItOpenUITestsLaunchTests.swift in Sources */ = {isa = PBXBuildFile; fileRef = 8FB4EA772BAA2227003CC0AD /* IsItOpenUITestsLaunchTests.swift */; };
		8FF700B62BAC1CE3008F36B1 /* Restaurant.swift in Sources */ = {isa = PBXBuildFile; fileRef = 8FF700B52BAC1CE3008F36B1 /* Restaurant.swift */; };
		8FF700BD2BAC1D0C008F36B1 /* AccountView.swift in Sources */ = {isa = PBXBuildFile; fileRef = 8FF700B72BAC1D0B008F36B1 /* AccountView.swift */; };
		8FF700BE2BAC1D0C008F36B1 /* HomeView.swift in Sources */ = {isa = PBXBuildFile; fileRef = 8FF700B82BAC1D0B008F36B1 /* HomeView.swift */; };
		8FF700BF2BAC1D0C008F36B1 /* RestaurantDetailView.swift in Sources */ = {isa = PBXBuildFile; fileRef = 8FF700B92BAC1D0C008F36B1 /* RestaurantDetailView.swift */; };
		8FF700C02BAC1D0C008F36B1 /* AppView.swift in Sources */ = {isa = PBXBuildFile; fileRef = 8FF700BA2BAC1D0C008F36B1 /* AppView.swift */; };
		8FF700C12BAC1D0C008F36B1 /* HotView.swift in Sources */ = {isa = PBXBuildFile; fileRef = 8FF700BB2BAC1D0C008F36B1 /* HotView.swift */; };
		8FF700C22BAC1D0C008F36B1 /* CheckInFormSheet.swift in Sources */ = {isa = PBXBuildFile; fileRef = 8FF700BC2BAC1D0C008F36B1 /* CheckInFormSheet.swift */; };
		B03DC7922BDABE09003B40FF /* APIManager.swift in Sources */ = {isa = PBXBuildFile; fileRef = B03DC7912BDABE09003B40FF /* APIManager.swift */; };
		B03DC7942BDAC12E003B40FF /* APIModels.swift in Sources */ = {isa = PBXBuildFile; fileRef = B03DC7932BDAC12E003B40FF /* APIModels.swift */; };
/* End PBXBuildFile section */

/* Begin PBXContainerItemProxy section */
		8FB4EA682BAA2227003CC0AD /* PBXContainerItemProxy */ = {
			isa = PBXContainerItemProxy;
			containerPortal = 8FB4EA4F2BAA2223003CC0AD /* Project object */;
			proxyType = 1;
			remoteGlobalIDString = 8FB4EA562BAA2223003CC0AD;
			remoteInfo = IsItOpen;
		};
		8FB4EA722BAA2227003CC0AD /* PBXContainerItemProxy */ = {
			isa = PBXContainerItemProxy;
			containerPortal = 8FB4EA4F2BAA2223003CC0AD /* Project object */;
			proxyType = 1;
			remoteGlobalIDString = 8FB4EA562BAA2223003CC0AD;
			remoteInfo = IsItOpen;
		};
/* End PBXContainerItemProxy section */

/* Begin PBXFileReference section */
		8FB4EA572BAA2223003CC0AD /* IsItOpen.app */ = {isa = PBXFileReference; explicitFileType = wrapper.application; includeInIndex = 0; path = IsItOpen.app; sourceTree = BUILT_PRODUCTS_DIR; };
		8FB4EA5A2BAA2223003CC0AD /* IsItOpenApp.swift */ = {isa = PBXFileReference; lastKnownFileType = sourcecode.swift; path = IsItOpenApp.swift; sourceTree = "<group>"; };
		8FB4EA5C2BAA2223003CC0AD /* ContentView.swift */ = {isa = PBXFileReference; lastKnownFileType = sourcecode.swift; path = ContentView.swift; sourceTree = "<group>"; };
		8FB4EA5E2BAA2226003CC0AD /* Assets.xcassets */ = {isa = PBXFileReference; lastKnownFileType = folder.assetcatalog; path = Assets.xcassets; sourceTree = "<group>"; };
		8FB4EA612BAA2226003CC0AD /* Preview Assets.xcassets */ = {isa = PBXFileReference; lastKnownFileType = folder.assetcatalog; path = "Preview Assets.xcassets"; sourceTree = "<group>"; };
		8FB4EA672BAA2227003CC0AD /* IsItOpenTests.xctest */ = {isa = PBXFileReference; explicitFileType = wrapper.cfbundle; includeInIndex = 0; path = IsItOpenTests.xctest; sourceTree = BUILT_PRODUCTS_DIR; };
		8FB4EA6B2BAA2227003CC0AD /* IsItOpenTests.swift */ = {isa = PBXFileReference; lastKnownFileType = sourcecode.swift; path = IsItOpenTests.swift; sourceTree = "<group>"; };
		8FB4EA712BAA2227003CC0AD /* IsItOpenUITests.xctest */ = {isa = PBXFileReference; explicitFileType = wrapper.cfbundle; includeInIndex = 0; path = IsItOpenUITests.xctest; sourceTree = BUILT_PRODUCTS_DIR; };
		8FB4EA752BAA2227003CC0AD /* IsItOpenUITests.swift */ = {isa = PBXFileReference; lastKnownFileType = sourcecode.swift; path = IsItOpenUITests.swift; sourceTree = "<group>"; };
		8FB4EA772BAA2227003CC0AD /* IsItOpenUITestsLaunchTests.swift */ = {isa = PBXFileReference; lastKnownFileType = sourcecode.swift; path = IsItOpenUITestsLaunchTests.swift; sourceTree = "<group>"; };
		8FF700B52BAC1CE3008F36B1 /* Restaurant.swift */ = {isa = PBXFileReference; fileEncoding = 4; lastKnownFileType = sourcecode.swift; path = Restaurant.swift; sourceTree = "<group>"; };
		8FF700B72BAC1D0B008F36B1 /* AccountView.swift */ = {isa = PBXFileReference; fileEncoding = 4; lastKnownFileType = sourcecode.swift; path = AccountView.swift; sourceTree = "<group>"; };
		8FF700B82BAC1D0B008F36B1 /* HomeView.swift */ = {isa = PBXFileReference; fileEncoding = 4; lastKnownFileType = sourcecode.swift; path = HomeView.swift; sourceTree = "<group>"; };
		8FF700B92BAC1D0C008F36B1 /* RestaurantDetailView.swift */ = {isa = PBXFileReference; fileEncoding = 4; lastKnownFileType = sourcecode.swift; path = RestaurantDetailView.swift; sourceTree = "<group>"; };
		8FF700BA2BAC1D0C008F36B1 /* AppView.swift */ = {isa = PBXFileReference; fileEncoding = 4; lastKnownFileType = sourcecode.swift; path = AppView.swift; sourceTree = "<group>"; };
		8FF700BB2BAC1D0C008F36B1 /* HotView.swift */ = {isa = PBXFileReference; fileEncoding = 4; lastKnownFileType = sourcecode.swift; path = HotView.swift; sourceTree = "<group>"; };
		8FF700BC2BAC1D0C008F36B1 /* CheckInFormSheet.swift */ = {isa = PBXFileReference; fileEncoding = 4; lastKnownFileType = sourcecode.swift; path = CheckInFormSheet.swift; sourceTree = "<group>"; };
		B03DC7912BDABE09003B40FF /* APIManager.swift */ = {isa = PBXFileReference; lastKnownFileType = sourcecode.swift; path = APIManager.swift; sourceTree = "<group>"; };
		B03DC7932BDAC12E003B40FF /* APIModels.swift */ = {isa = PBXFileReference; lastKnownFileType = sourcecode.swift; path = APIModels.swift; sourceTree = "<group>"; };
/* End PBXFileReference section */

/* Begin PBXFrameworksBuildPhase section */
		8FB4EA542BAA2223003CC0AD /* Frameworks */ = {
			isa = PBXFrameworksBuildPhase;
			buildActionMask = 2147483647;
			files = (
			);
			runOnlyForDeploymentPostprocessing = 0;
		};
		8FB4EA642BAA2227003CC0AD /* Frameworks */ = {
			isa = PBXFrameworksBuildPhase;
			buildActionMask = 2147483647;
			files = (
			);
			runOnlyForDeploymentPostprocessing = 0;
		};
		8FB4EA6E2BAA2227003CC0AD /* Frameworks */ = {
			isa = PBXFrameworksBuildPhase;
			buildActionMask = 2147483647;
			files = (
			);
			runOnlyForDeploymentPostprocessing = 0;
		};
/* End PBXFrameworksBuildPhase section */

/* Begin PBXGroup section */
		8FB4EA4E2BAA2223003CC0AD = {
			isa = PBXGroup;
			children = (
				8FB4EA592BAA2223003CC0AD /* IsItOpen */,
				8FB4EA6A2BAA2227003CC0AD /* IsItOpenTests */,
				8FB4EA742BAA2227003CC0AD /* IsItOpenUITests */,
				8FB4EA582BAA2223003CC0AD /* Products */,
			);
			sourceTree = "<group>";
		};
		8FB4EA582BAA2223003CC0AD /* Products */ = {
			isa = PBXGroup;
			children = (
				8FB4EA572BAA2223003CC0AD /* IsItOpen.app */,
				8FB4EA672BAA2227003CC0AD /* IsItOpenTests.xctest */,
				8FB4EA712BAA2227003CC0AD /* IsItOpenUITests.xctest */,
			);
			name = Products;
			sourceTree = "<group>";
		};
		8FB4EA592BAA2223003CC0AD /* IsItOpen */ = {
			isa = PBXGroup;
			children = (
				8FB4EA5A2BAA2223003CC0AD /* IsItOpenApp.swift */,
				8FB4EA5C2BAA2223003CC0AD /* ContentView.swift */,
				8FF700B52BAC1CE3008F36B1 /* Restaurant.swift */,
				8FF700B72BAC1D0B008F36B1 /* AccountView.swift */,
				8FF700BA2BAC1D0C008F36B1 /* AppView.swift */,
				8FF700BC2BAC1D0C008F36B1 /* CheckInFormSheet.swift */,
				8FF700B82BAC1D0B008F36B1 /* HomeView.swift */,
				8FF700BB2BAC1D0C008F36B1 /* HotView.swift */,
				8FF700B92BAC1D0C008F36B1 /* RestaurantDetailView.swift */,
				8FB4EA5E2BAA2226003CC0AD /* Assets.xcassets */,
				8FB4EA602BAA2226003CC0AD /* Preview Content */,
				B03DC7912BDABE09003B40FF /* APIManager.swift */,
				B03DC7932BDAC12E003B40FF /* APIModels.swift */,
			);
			path = IsItOpen;
			sourceTree = "<group>";
		};
		8FB4EA602BAA2226003CC0AD /* Preview Content */ = {
			isa = PBXGroup;
			children = (
				8FB4EA612BAA2226003CC0AD /* Preview Assets.xcassets */,
			);
			path = "Preview Content";
			sourceTree = "<group>";
		};
		8FB4EA6A2BAA2227003CC0AD /* IsItOpenTests */ = {
			isa = PBXGroup;
			children = (
				8FB4EA6B2BAA2227003CC0AD /* IsItOpenTests.swift */,
			);
			path = IsItOpenTests;
			sourceTree = "<group>";
		};
		8FB4EA742BAA2227003CC0AD /* IsItOpenUITests */ = {
			isa = PBXGroup;
			children = (
				8FB4EA752BAA2227003CC0AD /* IsItOpenUITests.swift */,
				8FB4EA772BAA2227003CC0AD /* IsItOpenUITestsLaunchTests.swift */,
			);
			path = IsItOpenUITests;
			sourceTree = "<group>";
		};
/* End PBXGroup section */

/* Begin PBXNativeTarget section */
		8FB4EA562BAA2223003CC0AD /* IsItOpen */ = {
			isa = PBXNativeTarget;
			buildConfigurationList = 8FB4EA7B2BAA2227003CC0AD /* Build configuration list for PBXNativeTarget "IsItOpen" */;
			buildPhases = (
				8FB4EA532BAA2223003CC0AD /* Sources */,
				8FB4EA542BAA2223003CC0AD /* Frameworks */,
				8FB4EA552BAA2223003CC0AD /* Resources */,
			);
			buildRules = (
			);
			dependencies = (
			);
			name = IsItOpen;
			productName = IsItOpen;
			productReference = 8FB4EA572BAA2223003CC0AD /* IsItOpen.app */;
			productType = "com.apple.product-type.application";
		};
		8FB4EA662BAA2227003CC0AD /* IsItOpenTests */ = {
			isa = PBXNativeTarget;
			buildConfigurationList = 8FB4EA7E2BAA2227003CC0AD /* Build configuration list for PBXNativeTarget "IsItOpenTests" */;
			buildPhases = (
				8FB4EA632BAA2227003CC0AD /* Sources */,
				8FB4EA642BAA2227003CC0AD /* Frameworks */,
				8FB4EA652BAA2227003CC0AD /* Resources */,
			);
			buildRules = (
			);
			dependencies = (
				8FB4EA692BAA2227003CC0AD /* PBXTargetDependency */,
			);
			name = IsItOpenTests;
			productName = IsItOpenTests;
			productReference = 8FB4EA672BAA2227003CC0AD /* IsItOpenTests.xctest */;
			productType = "com.apple.product-type.bundle.unit-test";
		};
		8FB4EA702BAA2227003CC0AD /* IsItOpenUITests */ = {
			isa = PBXNativeTarget;
			buildConfigurationList = 8FB4EA812BAA2227003CC0AD /* Build configuration list for PBXNativeTarget "IsItOpenUITests" */;
			buildPhases = (
				8FB4EA6D2BAA2227003CC0AD /* Sources */,
				8FB4EA6E2BAA2227003CC0AD /* Frameworks */,
				8FB4EA6F2BAA2227003CC0AD /* Resources */,
			);
			buildRules = (
			);
			dependencies = (
				8FB4EA732BAA2227003CC0AD /* PBXTargetDependency */,
			);
			name = IsItOpenUITests;
			productName = IsItOpenUITests;
			productReference = 8FB4EA712BAA2227003CC0AD /* IsItOpenUITests.xctest */;
			productType = "com.apple.product-type.bundle.ui-testing";
		};
/* End PBXNativeTarget section */

/* Begin PBXProject section */
		8FB4EA4F2BAA2223003CC0AD /* Project object */ = {
			isa = PBXProject;
			attributes = {
				BuildIndependentTargetsInParallel = 1;
				LastSwiftUpdateCheck = 1500;
				LastUpgradeCheck = 1500;
				TargetAttributes = {
					8FB4EA562BAA2223003CC0AD = {
						CreatedOnToolsVersion = 15.0;
					};
					8FB4EA662BAA2227003CC0AD = {
						CreatedOnToolsVersion = 15.0;
						TestTargetID = 8FB4EA562BAA2223003CC0AD;
					};
					8FB4EA702BAA2227003CC0AD = {
						CreatedOnToolsVersion = 15.0;
						TestTargetID = 8FB4EA562BAA2223003CC0AD;
					};
				};
			};
			buildConfigurationList = 8FB4EA522BAA2223003CC0AD /* Build configuration list for PBXProject "IsItOpen" */;
			compatibilityVersion = "Xcode 14.0";
			developmentRegion = en;
			hasScannedForEncodings = 0;
			knownRegions = (
				en,
				Base,
			);
			mainGroup = 8FB4EA4E2BAA2223003CC0AD;
			productRefGroup = 8FB4EA582BAA2223003CC0AD /* Products */;
			projectDirPath = "";
			projectRoot = "";
			targets = (
				8FB4EA562BAA2223003CC0AD /* IsItOpen */,
				8FB4EA662BAA2227003CC0AD /* IsItOpenTests */,
				8FB4EA702BAA2227003CC0AD /* IsItOpenUITests */,
			);
		};
/* End PBXProject section */

/* Begin PBXResourcesBuildPhase section */
		8FB4EA552BAA2223003CC0AD /* Resources */ = {
			isa = PBXResourcesBuildPhase;
			buildActionMask = 2147483647;
			files = (
				8FB4EA622BAA2226003CC0AD /* Preview Assets.xcassets in Resources */,
				8FB4EA5F2BAA2226003CC0AD /* Assets.xcassets in Resources */,
			);
			runOnlyForDeploymentPostprocessing = 0;
		};
		8FB4EA652BAA2227003CC0AD /* Resources */ = {
			isa = PBXResourcesBuildPhase;
			buildActionMask = 2147483647;
			files = (
			);
			runOnlyForDeploymentPostprocessing = 0;
		};
		8FB4EA6F2BAA2227003CC0AD /* Resources */ = {
			isa = PBXResourcesBuildPhase;
			buildActionMask = 2147483647;
			files = (
			);
			runOnlyForDeploymentPostprocessing = 0;
		};
/* End PBXResourcesBuildPhase section */

/* Begin PBXSourcesBuildPhase section */
		8FB4EA532BAA2223003CC0AD /* Sources */ = {
			isa = PBXSourcesBuildPhase;
			buildActionMask = 2147483647;
			files = (
				8FF700BD2BAC1D0C008F36B1 /* AccountView.swift in Sources */,
				8FB4EA5D2BAA2223003CC0AD /* ContentView.swift in Sources */,
				B03DC7922BDABE09003B40FF /* APIManager.swift in Sources */,
				8FF700BF2BAC1D0C008F36B1 /* RestaurantDetailView.swift in Sources */,
				B03DC7942BDAC12E003B40FF /* APIModels.swift in Sources */,
				8FF700C02BAC1D0C008F36B1 /* AppView.swift in Sources */,
				8FF700B62BAC1CE3008F36B1 /* Restaurant.swift in Sources */,
				8FF700C22BAC1D0C008F36B1 /* CheckInFormSheet.swift in Sources */,
				8FF700BE2BAC1D0C008F36B1 /* HomeView.swift in Sources */,
				8FF700C12BAC1D0C008F36B1 /* HotView.swift in Sources */,
				8FB4EA5B2BAA2223003CC0AD /* IsItOpenApp.swift in Sources */,
			);
			runOnlyForDeploymentPostprocessing = 0;
		};
		8FB4EA632BAA2227003CC0AD /* Sources */ = {
			isa = PBXSourcesBuildPhase;
			buildActionMask = 2147483647;
			files = (
				8FB4EA6C2BAA2227003CC0AD /* IsItOpenTests.swift in Sources */,
			);
			runOnlyForDeploymentPostprocessing = 0;
		};
		8FB4EA6D2BAA2227003CC0AD /* Sources */ = {
			isa = PBXSourcesBuildPhase;
			buildActionMask = 2147483647;
			files = (
				8FB4EA782BAA2227003CC0AD /* IsItOpenUITestsLaunchTests.swift in Sources */,
				8FB4EA762BAA2227003CC0AD /* IsItOpenUITests.swift in Sources */,
			);
			runOnlyForDeploymentPostprocessing = 0;
		};
/* End PBXSourcesBuildPhase section */

/* Begin PBXTargetDependency section */
		8FB4EA692BAA2227003CC0AD /* PBXTargetDependency */ = {
			isa = PBXTargetDependency;
			target = 8FB4EA562BAA2223003CC0AD /* IsItOpen */;
			targetProxy = 8FB4EA682BAA2227003CC0AD /* PBXContainerItemProxy */;
		};
		8FB4EA732BAA2227003CC0AD /* PBXTargetDependency */ = {
			isa = PBXTargetDependency;
			target = 8FB4EA562BAA2223003CC0AD /* IsItOpen */;
			targetProxy = 8FB4EA722BAA2227003CC0AD /* PBXContainerItemProxy */;
		};
/* End PBXTargetDependency section */

/* Begin XCBuildConfiguration section */
		8FB4EA792BAA2227003CC0AD /* Debug */ = {
			isa = XCBuildConfiguration;
			buildSettings = {
				ALWAYS_SEARCH_USER_PATHS = NO;
				ASSETCATALOG_COMPILER_GENERATE_SWIFT_ASSET_SYMBOL_EXTENSIONS = YES;
				CLANG_ANALYZER_NONNULL = YES;
				CLANG_ANALYZER_NUMBER_OBJECT_CONVERSION = YES_AGGRESSIVE;
				CLANG_CXX_LANGUAGE_STANDARD = "gnu++20";
				CLANG_ENABLE_MODULES = YES;
				CLANG_ENABLE_OBJC_ARC = YES;
				CLANG_ENABLE_OBJC_WEAK = YES;
				CLANG_WARN_BLOCK_CAPTURE_AUTORELEASING = YES;
				CLANG_WARN_BOOL_CONVERSION = YES;
				CLANG_WARN_COMMA = YES;
				CLANG_WARN_CONSTANT_CONVERSION = YES;
				CLANG_WARN_DEPRECATED_OBJC_IMPLEMENTATIONS = YES;
				CLANG_WARN_DIRECT_OBJC_ISA_USAGE = YES_ERROR;
				CLANG_WARN_DOCUMENTATION_COMMENTS = YES;
				CLANG_WARN_EMPTY_BODY = YES;
				CLANG_WARN_ENUM_CONVERSION = YES;
				CLANG_WARN_INFINITE_RECURSION = YES;
				CLANG_WARN_INT_CONVERSION = YES;
				CLANG_WARN_NON_LITERAL_NULL_CONVERSION = YES;
				CLANG_WARN_OBJC_IMPLICIT_RETAIN_SELF = YES;
				CLANG_WARN_OBJC_LITERAL_CONVERSION = YES;
				CLANG_WARN_OBJC_ROOT_CLASS = YES_ERROR;
				CLANG_WARN_QUOTED_INCLUDE_IN_FRAMEWORK_HEADER = YES;
				CLANG_WARN_RANGE_LOOP_ANALYSIS = YES;
				CLANG_WARN_STRICT_PROTOTYPES = YES;
				CLANG_WARN_SUSPICIOUS_MOVE = YES;
				CLANG_WARN_UNGUARDED_AVAILABILITY = YES_AGGRESSIVE;
				CLANG_WARN_UNREACHABLE_CODE = YES;
				CLANG_WARN__DUPLICATE_METHOD_MATCH = YES;
				COPY_PHASE_STRIP = NO;
				DEBUG_INFORMATION_FORMAT = dwarf;
				ENABLE_STRICT_OBJC_MSGSEND = YES;
				ENABLE_TESTABILITY = YES;
				ENABLE_USER_SCRIPT_SANDBOXING = YES;
				GCC_C_LANGUAGE_STANDARD = gnu17;
				GCC_DYNAMIC_NO_PIC = NO;
				GCC_NO_COMMON_BLOCKS = YES;
				GCC_OPTIMIZATION_LEVEL = 0;
				GCC_PREPROCESSOR_DEFINITIONS = (
					"DEBUG=1",
					"$(inherited)",
				);
				GCC_WARN_64_TO_32_BIT_CONVERSION = YES;
				GCC_WARN_ABOUT_RETURN_TYPE = YES_ERROR;
				GCC_WARN_UNDECLARED_SELECTOR = YES;
				GCC_WARN_UNINITIALIZED_AUTOS = YES_AGGRESSIVE;
				GCC_WARN_UNUSED_FUNCTION = YES;
				GCC_WARN_UNUSED_VARIABLE = YES;
				IPHONEOS_DEPLOYMENT_TARGET = 17.0;
				LOCALIZATION_PREFERS_STRING_CATALOGS = YES;
				MTL_ENABLE_DEBUG_INFO = INCLUDE_SOURCE;
				MTL_FAST_MATH = YES;
				ONLY_ACTIVE_ARCH = YES;
				SDKROOT = iphoneos;
				SWIFT_ACTIVE_COMPILATION_CONDITIONS = "DEBUG $(inherited)";
				SWIFT_OPTIMIZATION_LEVEL = "-Onone";
			};
			name = Debug;
		};
		8FB4EA7A2BAA2227003CC0AD /* Release */ = {
			isa = XCBuildConfiguration;
			buildSettings = {
				ALWAYS_SEARCH_USER_PATHS = NO;
				ASSETCATALOG_COMPILER_GENERATE_SWIFT_ASSET_SYMBOL_EXTENSIONS = YES;
				CLANG_ANALYZER_NONNULL = YES;
				CLANG_ANALYZER_NUMBER_OBJECT_CONVERSION = YES_AGGRESSIVE;
				CLANG_CXX_LANGUAGE_STANDARD = "gnu++20";
				CLANG_ENABLE_MODULES = YES;
				CLANG_ENABLE_OBJC_ARC = YES;
				CLANG_ENABLE_OBJC_WEAK = YES;
				CLANG_WARN_BLOCK_CAPTURE_AUTORELEASING = YES;
				CLANG_WARN_BOOL_CONVERSION = YES;
				CLANG_WARN_COMMA = YES;
				CLANG_WARN_CONSTANT_CONVERSION = YES;
				CLANG_WARN_DEPRECATED_OBJC_IMPLEMENTATIONS = YES;
				CLANG_WARN_DIRECT_OBJC_ISA_USAGE = YES_ERROR;
				CLANG_WARN_DOCUMENTATION_COMMENTS = YES;
				CLANG_WARN_EMPTY_BODY = YES;
				CLANG_WARN_ENUM_CONVERSION = YES;
				CLANG_WARN_INFINITE_RECURSION = YES;
				CLANG_WARN_INT_CONVERSION = YES;
				CLANG_WARN_NON_LITERAL_NULL_CONVERSION = YES;
				CLANG_WARN_OBJC_IMPLICIT_RETAIN_SELF = YES;
				CLANG_WARN_OBJC_LITERAL_CONVERSION = YES;
				CLANG_WARN_OBJC_ROOT_CLASS = YES_ERROR;
				CLANG_WARN_QUOTED_INCLUDE_IN_FRAMEWORK_HEADER = YES;
				CLANG_WARN_RANGE_LOOP_ANALYSIS = YES;
				CLANG_WARN_STRICT_PROTOTYPES = YES;
				CLANG_WARN_SUSPICIOUS_MOVE = YES;
				CLANG_WARN_UNGUARDED_AVAILABILITY = YES_AGGRESSIVE;
				CLANG_WARN_UNREACHABLE_CODE = YES;
				CLANG_WARN__DUPLICATE_METHOD_MATCH = YES;
				COPY_PHASE_STRIP = NO;
				DEBUG_INFORMATION_FORMAT = "dwarf-with-dsym";
				ENABLE_NS_ASSERTIONS = NO;
				ENABLE_STRICT_OBJC_MSGSEND = YES;
				ENABLE_USER_SCRIPT_SANDBOXING = YES;
				GCC_C_LANGUAGE_STANDARD = gnu17;
				GCC_NO_COMMON_BLOCKS = YES;
				GCC_WARN_64_TO_32_BIT_CONVERSION = YES;
				GCC_WARN_ABOUT_RETURN_TYPE = YES_ERROR;
				GCC_WARN_UNDECLARED_SELECTOR = YES;
				GCC_WARN_UNINITIALIZED_AUTOS = YES_AGGRESSIVE;
				GCC_WARN_UNUSED_FUNCTION = YES;
				GCC_WARN_UNUSED_VARIABLE = YES;
				IPHONEOS_DEPLOYMENT_TARGET = 17.0;
				LOCALIZATION_PREFERS_STRING_CATALOGS = YES;
				MTL_ENABLE_DEBUG_INFO = NO;
				MTL_FAST_MATH = YES;
				SDKROOT = iphoneos;
				SWIFT_COMPILATION_MODE = wholemodule;
				VALIDATE_PRODUCT = YES;
			};
			name = Release;
		};
		8FB4EA7C2BAA2227003CC0AD /* Debug */ = {
			isa = XCBuildConfiguration;
			buildSettings = {
				ASSETCATALOG_COMPILER_APPICON_NAME = AppIcon;
				ASSETCATALOG_COMPILER_GLOBAL_ACCENT_COLOR_NAME = AccentColor;
				CODE_SIGN_STYLE = Automatic;
				CURRENT_PROJECT_VERSION = 1;
				DEVELOPMENT_ASSET_PATHS = "\"IsItOpen/Preview Content\"";
				DEVELOPMENT_TEAM = 9DGM8L54CP;
				ENABLE_PREVIEWS = YES;
				GENERATE_INFOPLIST_FILE = YES;
				INFOPLIST_KEY_UIApplicationSceneManifest_Generation = YES;
				INFOPLIST_KEY_UIApplicationSupportsIndirectInputEvents = YES;
				INFOPLIST_KEY_UILaunchScreen_Generation = YES;
				INFOPLIST_KEY_UISupportedInterfaceOrientations_iPad = "UIInterfaceOrientationPortrait UIInterfaceOrientationPortraitUpsideDown UIInterfaceOrientationLandscapeLeft UIInterfaceOrientationLandscapeRight";
				INFOPLIST_KEY_UISupportedInterfaceOrientations_iPhone = "UIInterfaceOrientationPortrait UIInterfaceOrientationLandscapeLeft UIInterfaceOrientationLandscapeRight";
				IPHONEOS_DEPLOYMENT_TARGET = 16.2;
				LD_RUNPATH_SEARCH_PATHS = (
					"$(inherited)",
					"@executable_path/Frameworks",
				);
				MARKETING_VERSION = 1.0;
				PRODUCT_BUNDLE_IDENTIFIER = com.IIO.IsItOpen;
				PRODUCT_NAME = "$(TARGET_NAME)";
				SWIFT_EMIT_LOC_STRINGS = YES;
				SWIFT_VERSION = 5.0;
				TARGETED_DEVICE_FAMILY = "1,2";
			};
			name = Debug;
		};
		8FB4EA7D2BAA2227003CC0AD /* Release */ = {
			isa = XCBuildConfiguration;
			buildSettings = {
				ASSETCATALOG_COMPILER_APPICON_NAME = AppIcon;
				ASSETCATALOG_COMPILER_GLOBAL_ACCENT_COLOR_NAME = AccentColor;
				CODE_SIGN_STYLE = Automatic;
				CURRENT_PROJECT_VERSION = 1;
				DEVELOPMENT_ASSET_PATHS = "\"IsItOpen/Preview Content\"";
				DEVELOPMENT_TEAM = 9DGM8L54CP;
				ENABLE_PREVIEWS = YES;
				GENERATE_INFOPLIST_FILE = YES;
				INFOPLIST_KEY_UIApplicationSceneManifest_Generation = YES;
				INFOPLIST_KEY_UIApplicationSupportsIndirectInputEvents = YES;
				INFOPLIST_KEY_UILaunchScreen_Generation = YES;
				INFOPLIST_KEY_UISupportedInterfaceOrientations_iPad = "UIInterfaceOrientationPortrait UIInterfaceOrientationPortraitUpsideDown UIInterfaceOrientationLandscapeLeft UIInterfaceOrientationLandscapeRight";
				INFOPLIST_KEY_UISupportedInterfaceOrientations_iPhone = "UIInterfaceOrientationPortrait UIInterfaceOrientationLandscapeLeft UIInterfaceOrientationLandscapeRight";
				IPHONEOS_DEPLOYMENT_TARGET = 16.2;
				LD_RUNPATH_SEARCH_PATHS = (
					"$(inherited)",
					"@executable_path/Frameworks",
				);
				MARKETING_VERSION = 1.0;
				PRODUCT_BUNDLE_IDENTIFIER = com.IIO.IsItOpen;
				PRODUCT_NAME = "$(TARGET_NAME)";
				SWIFT_EMIT_LOC_STRINGS = YES;
				SWIFT_VERSION = 5.0;
				TARGETED_DEVICE_FAMILY = "1,2";
			};
			name = Release;
		};
		8FB4EA7F2BAA2227003CC0AD /* Debug */ = {
			isa = XCBuildConfiguration;
			buildSettings = {
				ALWAYS_EMBED_SWIFT_STANDARD_LIBRARIES = YES;
				BUNDLE_LOADER = "$(TEST_HOST)";
				CODE_SIGN_STYLE = Automatic;
				CURRENT_PROJECT_VERSION = 1;
				DEVELOPMENT_TEAM = 9DGM8L54CP;
				GENERATE_INFOPLIST_FILE = YES;
				IPHONEOS_DEPLOYMENT_TARGET = 17.0;
				MARKETING_VERSION = 1.0;
				PRODUCT_BUNDLE_IDENTIFIER = com.IIO.IsItOpenTests;
				PRODUCT_NAME = "$(TARGET_NAME)";
				SWIFT_EMIT_LOC_STRINGS = NO;
				SWIFT_VERSION = 5.0;
				TARGETED_DEVICE_FAMILY = "1,2";
				TEST_HOST = "$(BUILT_PRODUCTS_DIR)/IsItOpen.app/$(BUNDLE_EXECUTABLE_FOLDER_PATH)/IsItOpen";
			};
			name = Debug;
		};
		8FB4EA802BAA2227003CC0AD /* Release */ = {
			isa = XCBuildConfiguration;
			buildSettings = {
				ALWAYS_EMBED_SWIFT_STANDARD_LIBRARIES = YES;
				BUNDLE_LOADER = "$(TEST_HOST)";
				CODE_SIGN_STYLE = Automatic;
				CURRENT_PROJECT_VERSION = 1;
				DEVELOPMENT_TEAM = 9DGM8L54CP;
				GENERATE_INFOPLIST_FILE = YES;
				IPHONEOS_DEPLOYMENT_TARGET = 17.0;
				MARKETING_VERSION = 1.0;
				PRODUCT_BUNDLE_IDENTIFIER = com.IIO.IsItOpenTests;
				PRODUCT_NAME = "$(TARGET_NAME)";
				SWIFT_EMIT_LOC_STRINGS = NO;
				SWIFT_VERSION = 5.0;
				TARGETED_DEVICE_FAMILY = "1,2";
				TEST_HOST = "$(BUILT_PRODUCTS_DIR)/IsItOpen.app/$(BUNDLE_EXECUTABLE_FOLDER_PATH)/IsItOpen";
			};
			name = Release;
		};
		8FB4EA822BAA2227003CC0AD /* Debug */ = {
			isa = XCBuildConfiguration;
			buildSettings = {
				ALWAYS_EMBED_SWIFT_STANDARD_LIBRARIES = YES;
				CODE_SIGN_STYLE = Automatic;
				CURRENT_PROJECT_VERSION = 1;
				DEVELOPMENT_TEAM = 9DGM8L54CP;
				GENERATE_INFOPLIST_FILE = YES;
				MARKETING_VERSION = 1.0;
				PRODUCT_BUNDLE_IDENTIFIER = com.IIO.IsItOpenUITests;
				PRODUCT_NAME = "$(TARGET_NAME)";
				SWIFT_EMIT_LOC_STRINGS = NO;
				SWIFT_VERSION = 5.0;
				TARGETED_DEVICE_FAMILY = "1,2";
				TEST_TARGET_NAME = IsItOpen;
			};
			name = Debug;
		};
		8FB4EA832BAA2227003CC0AD /* Release */ = {
			isa = XCBuildConfiguration;
			buildSettings = {
				ALWAYS_EMBED_SWIFT_STANDARD_LIBRARIES = YES;
				CODE_SIGN_STYLE = Automatic;
				CURRENT_PROJECT_VERSION = 1;
				DEVELOPMENT_TEAM = 9DGM8L54CP;
				GENERATE_INFOPLIST_FILE = YES;
				MARKETING_VERSION = 1.0;
				PRODUCT_BUNDLE_IDENTIFIER = com.IIO.IsItOpenUITests;
				PRODUCT_NAME = "$(TARGET_NAME)";
				SWIFT_EMIT_LOC_STRINGS = NO;
				SWIFT_VERSION = 5.0;
				TARGETED_DEVICE_FAMILY = "1,2";
				TEST_TARGET_NAME = IsItOpen;
			};
			name = Release;
		};
/* End XCBuildConfiguration section */

/* Begin XCConfigurationList section */
		8FB4EA522BAA2223003CC0AD /* Build configuration list for PBXProject "IsItOpen" */ = {
			isa = XCConfigurationList;
			buildConfigurations = (
				8FB4EA792BAA2227003CC0AD /* Debug */,
				8FB4EA7A2BAA2227003CC0AD /* Release */,
			);
			defaultConfigurationIsVisible = 0;
			defaultConfigurationName = Release;
		};
		8FB4EA7B2BAA2227003CC0AD /* Build configuration list for PBXNativeTarget "IsItOpen" */ = {
			isa = XCConfigurationList;
			buildConfigurations = (
				8FB4EA7C2BAA2227003CC0AD /* Debug */,
				8FB4EA7D2BAA2227003CC0AD /* Release */,
			);
			defaultConfigurationIsVisible = 0;
			defaultConfigurationName = Release;
		};
		8FB4EA7E2BAA2227003CC0AD /* Build configuration list for PBXNativeTarget "IsItOpenTests" */ = {
			isa = XCConfigurationList;
			buildConfigurations = (
				8FB4EA7F2BAA2227003CC0AD /* Debug */,
				8FB4EA802BAA2227003CC0AD /* Release */,
			);
			defaultConfigurationIsVisible = 0;
			defaultConfigurationName = Release;
		};
		8FB4EA812BAA2227003CC0AD /* Build configuration list for PBXNativeTarget "IsItOpenUITests" */ = {
			isa = XCConfigurationList;
			buildConfigurations = (
				8FB4EA822BAA2227003CC0AD /* Debug */,
				8FB4EA832BAA2227003CC0AD /* Release */,
			);
			defaultConfigurationIsVisible = 0;
			defaultConfigurationName = Release;
		};
/* End XCConfigurationList section */
	};
	rootObject = 8FB4EA4F2BAA2223003CC0AD /* Project object */;
}
